
Microsoft Visual Studio Solution File, Format Version 12.00
# Visual Studio Version 16
VisualStudioVersion = 16.0.30523.141
MinimumVisualStudioVersion = 10.0.40219.1
Project("{9A19103F-16F7-4668-BE54-9A1E7A4F7556}") = "CallculatorConsoleApp1", "CallculatorConsoleApp1\CallculatorConsoleApp1.csproj", "{1CDA5B0E-DBCE-4FF2-A7EF-0C9B699554C0}"
EndProject
Project("{FAE04EC0-301F-11D3-BF4B-00C04F79EFBC}") = "CallculatorWindowsFormsApp1", "CallculatorWindowsFormsApp1\CallculatorWindowsFormsApp1.csproj", "{168FBED5-4A9D-4D08-88EC-443D29155648}"
EndProject
Project("{FAE04EC0-301F-11D3-BF4B-00C04F79EFBC}") = "CallculatorMachine", "CallculatorMachine\CallculatorMachine.csproj", "{D752E204-7496-4ED2-8164-AB73A76C361C}"
EndProject
Global
	GlobalSection(SolutionConfigurationPlatforms) = preSolution
		Debug|Any CPU = Debug|Any CPU
		Release|Any CPU = Release|Any CPU
	EndGlobalSection
	GlobalSection(ProjectConfigurationPlatforms) = postSolution
		{1CDA5B0E-DBCE-4FF2-A7EF-0C9B699554C0}.Debug|Any CPU.ActiveCfg = Debug|Any CPU
		{1CDA5B0E-DBCE-4FF2-A7EF-0C9B699554C0}.Debug|Any CPU.Build.0 = Debug|Any CPU
		{1CDA5B0E-DBCE-4FF2-A7EF-0C9B699554C0}.Release|Any CPU.ActiveCfg = Release|Any CPU
		{1CDA5B0E-DBCE-4FF2-A7EF-0C9B699554C0}.Release|Any CPU.Build.0 = Release|Any CPU
		{168FBED5-4A9D-4D08-88EC-443D29155648}.Debug|Any CPU.ActiveCfg = Debug|Any CPU
		{168FBED5-4A9D-4D08-88EC-443D29155648}.Debug|Any CPU.Build.0 = Debug|Any CPU
		{168FBED5-4A9D-4D08-88EC-443D29155648}.Release|Any CPU.ActiveCfg = Release|Any CPU
		{168FBED5-4A9D-4D08-88EC-443D29155648}.Release|Any CPU.Build.0 = Release|Any CPU
		{D752E204-7496-4ED2-8164-AB73A76C361C}.Debug|Any CPU.ActiveCfg = Debug|Any CPU
		{D752E204-7496-4ED2-8164-AB73A76C361C}.Debug|Any CPU.Build.0 = Debug|Any CPU
		{D752E204-7496-4ED2-8164-AB73A76C361C}.Release|Any CPU.ActiveCfg = Release|Any CPU
		{D752E204-7496-4ED2-8164-AB73A76C361C}.Release|Any CPU.Build.0 = Release|Any CPU
	EndGlobalSection
	GlobalSection(SolutionProperties) = preSolution
		HideSolutionNode = FALSE
	EndGlobalSection
	GlobalSection(ExtensibilityGlobals) = postSolution
		SolutionGuid = {275B9F7F-0148-478C-9EB7-3322AF21F3AF}
	EndGlobalSection
EndGlobal
